hash: efeb4be37f6d5f53aca359deae5159029fcba994dc5dc2733de1c87533f91b98
updated: 2017-09-25T19:48:49.014849616+01:00
imports:
- name: github.com/gotk3/gotk3
  version: 810ccaa93468e6bcdde7190fedc63a5bafd65b07
  repo: git@github.com:SeerUK/gotk3.git
  subpackages:
  - cairo
  - gdk
  - glib
  - gtk
  - pango
testImports: []
